# THIS IS AN AUTOGENERATED FILE. DO NOT EDIT THIS FILE DIRECTLY.
# yarn lockfile v1


ansi-styles@^3.1.0:
  version "3.2.1"
  resolved "https://registry.npmjs.org/ansi-styles/-/ansi-styles-3.2.1.tgz#41fbb20243e50b12be0f04b8dedbf07520ce841d"
  dependencies:
    color-convert "^1.9.0"

bluebird@^3.0.6:
  version "3.5.1"
  resolved "https://registry.npmjs.org/bluebird/-/bluebird-3.5.1.tgz#d9551f9de98f1fcda1e683d17ee91a0602ee2eb9"

chalk@2.1.0:
  version "2.1.0"
  resolved "https://registry.npmjs.org/chalk/-/chalk-2.1.0.tgz#ac5becf14fa21b99c6c92ca7a7d7cfd5b17e743e"
  dependencies:
    ansi-styles "^3.1.0"
    escape-string-regexp "^1.0.5"
    supports-color "^4.0.0"

color-convert@^1.9.0:
  version "1.9.2"
  resolved "https://registry.npmjs.org/color-convert/-/color-convert-1.9.2.tgz#49881b8fba67df12a96bdf3f56c0aab9e7913147"
  dependencies:
    color-name "1.1.1"

color-name@1.1.1:
  version "1.1.1"
  resolved "https://registry.npmjs.org/color-name/-/color-name-1.1.1.tgz#4b1415304cf50028ea81643643bd82ea05803689"

commander@2.11.0:
  version "2.11.0"
  resolved "https://registry.npmjs.org/commander/-/commander-2.11.0.tgz#157152fd1e7a6c8d98a5b715cf376df928004563"

commander@^2.9.0:
  version "2.16.0"
  resolved "https://registry.npmjs.org/commander/-/commander-2.16.0.tgz#f16390593996ceb4f3eeb020b31d78528f7f8a50"

deepl-translator@^1.1.0:
  version "1.2.1"
  resolved "https://registry.npmjs.org/deepl-translator/-/deepl-translator-1.2.1.tgz#e645c217f987772c23c4c26d647cdd2fbfcc2fa3"

escape-string-regexp@^1.0.5:
  version "1.0.5"
  resolved "https://registry.npmjs.org/escape-string-regexp/-/escape-string-regexp-1.0.5.tgz#1b61c0562190a8dff6ae3bb2cf0200ca130b86d4"

generate-changelog@^1.5.0:
  version "1.7.1"
  resolved "https://registry.npmjs.org/generate-changelog/-/generate-changelog-1.7.1.tgz#c0b549de34177e6a5d6414af3d74daea9a3cdc0f"
  dependencies:
    bluebird "^3.0.6"
    commander "^2.9.0"
    github-url-from-git "^1.4.0"

github-url-from-git@^1.4.0:
  version "1.5.0"
  resolved "https://registry.npmjs.org/github-url-from-git/-/github-url-from-git-1.5.0.tgz#f985fedcc0a9aa579dc88d7aff068d55cc6251a0"

has-flag@^2.0.0:
  version "2.0.0"
  resolved "https://registry.npmjs.org/has-flag/-/has-flag-2.0.0.tgz#e8207af1cc7b30d446cc70b734b5e8be18f88d51"

prettier@^1.6.1:
  version "1.13.7"
  resolved "https://registry.npmjs.org/prettier/-/prettier-1.13.7.tgz#850f3b8af784a49a6ea2d2eaa7ed1428a34b7281"

supports-color@^4.0.0:
  version "4.5.0"
  resolved "https://registry.npmjs.org/supports-color/-/supports-color-4.5.0.tgz#be7a0de484dec5c5cddf8b3d59125044912f635b"
  dependencies:
    has-flag "^2.0.0"
